
Microsoft Visual Studio Solution File, Format Version 12.00
# Visual Studio Version 17
VisualStudioVersion = 17.13.35931.197 d17.13
MinimumVisualStudioVersion = 10.0.40219.1
Project("{FAE04EC0-301F-11D3-BF4B-00C04F79EFBC}") = "LESSON-GitHub_HOMEWORK-4", "LESSON-GitHub_HOMEWORK-4\LESSON-GitHub_HOMEWORK-4.csproj", "{75664027-3D7B-44EB-B6E5-50BEB7468E67}"
EndProject
Global
	GlobalSection(SolutionConfigurationPlatforms) = preSolution
		Debug|Any CPU = Debug|Any CPU
		Release|Any CPU = Release|Any CPU
	EndGlobalSection
	GlobalSection(ProjectConfigurationPlatforms) = postSolution
		{75664027-3D7B-44EB-B6E5-50BEB7468E67}.Debug|Any CPU.ActiveCfg = Debug|Any CPU
		{75664027-3D7B-44EB-B6E5-50BEB7468E67}.Debug|Any CPU.Build.0 = Debug|Any CPU
		{75664027-3D7B-44EB-B6E5-50BEB7468E67}.Release|Any CPU.ActiveCfg = Release|Any CPU
		{75664027-3D7B-44EB-B6E5-50BEB7468E67}.Release|Any CPU.Build.0 = Release|Any CPU
	EndGlobalSection
	GlobalSection(SolutionProperties) = preSolution
		HideSolutionNode = FALSE
	EndGlobalSection
	GlobalSection(ExtensibilityGlobals) = postSolution
		SolutionGuid = {AD6CB2BC-30E9-4231-9732-98C860B3F70B}
	EndGlobalSection
EndGlobal
